
Microsoft Visual Studio Solution File, Format Version 12.00
# Visual Studio Version 17
VisualStudioVersion = 17.6.33829.357
MinimumVisualStudioVersion = 10.0.40219.1
Project("{8BC9CEB8-8B4A-11D0-8D11-00A0C91BC942}") = "zplayer_window", "zplayer_window.vcxproj", "{214E6434-F1F7-4812-9AB2-23B36C05A7E0}"
EndProject
Project("{8BC9CEB8-8B4A-11D0-8D11-00A0C91BC942}") = "zplayer_lib", "..\..\zplayer_lib\zplayer_lib.vcxproj", "{CECB85BD-FCE9-4E0B-A603-FD65B57DA233}"
EndProject
Global
	GlobalSection(SolutionConfigurationPlatforms) = preSolution
		Debug|x64 = Debug|x64
		Debug|x86 = Debug|x86
		Release|x64 = Release|x64
		Release|x86 = Release|x86
	EndGlobalSection
	GlobalSection(ProjectConfigurationPlatforms) = postSolution
		{214E6434-F1F7-4812-9AB2-23B36C05A7E0}.Debug|x64.ActiveCfg = Debug|x64
		{214E6434-F1F7-4812-9AB2-23B36C05A7E0}.Debug|x64.Build.0 = Debug|x64
		{214E6434-F1F7-4812-9AB2-23B36C05A7E0}.Debug|x86.ActiveCfg = Debug|Win32
		{214E6434-F1F7-4812-9AB2-23B36C05A7E0}.Debug|x86.Build.0 = Debug|Win32
		{214E6434-F1F7-4812-9AB2-23B36C05A7E0}.Release|x64.ActiveCfg = Release|x64
		{214E6434-F1F7-4812-9AB2-23B36C05A7E0}.Release|x64.Build.0 = Release|x64
		{214E6434-F1F7-4812-9AB2-23B36C05A7E0}.Release|x86.ActiveCfg = Release|Win32
		{214E6434-F1F7-4812-9AB2-23B36C05A7E0}.Release|x86.Build.0 = Release|Win32
		{CECB85BD-FCE9-4E0B-A603-FD65B57DA233}.Debug|x64.ActiveCfg = Debug|x64
		{CECB85BD-FCE9-4E0B-A603-FD65B57DA233}.Debug|x64.Build.0 = Debug|x64
		{CECB85BD-FCE9-4E0B-A603-FD65B57DA233}.Debug|x86.ActiveCfg = Debug|Win32
		{CECB85BD-FCE9-4E0B-A603-FD65B57DA233}.Debug|x86.Build.0 = Debug|Win32
		{CECB85BD-FCE9-4E0B-A603-FD65B57DA233}.Release|x64.ActiveCfg = Release|x64
		{CECB85BD-FCE9-4E0B-A603-FD65B57DA233}.Release|x64.Build.0 = Release|x64
		{CECB85BD-FCE9-4E0B-A603-FD65B57DA233}.Release|x86.ActiveCfg = Release|Win32
		{CECB85BD-FCE9-4E0B-A603-FD65B57DA233}.Release|x86.Build.0 = Release|Win32
	EndGlobalSection
	GlobalSection(SolutionProperties) = preSolution
		HideSolutionNode = FALSE
	EndGlobalSection
	GlobalSection(ExtensibilityGlobals) = postSolution
		SolutionGuid = {CC380A1E-5E8D-4DC6-86D5-1EE09E9A0276}
	EndGlobalSection
EndGlobal
